{
  "object": {
    "pins": [
      {
        "package": "ObjectAssociation",
        "repositoryURL": "https://github.com/ipedro/ObjectAssociation.git",
        "state": {
          "branch": null,
          "revision": "d96cb8280e039ee488ad02ed556651660ffe2487",
          "version": "0.1.0"
        }
      }
    ]
  },
  "version": 1
}
