{
  "object": {
    "pins": [
      {
        "package": "ObjectAssociation",
        "repositoryURL": "https://github.com/ipedro/ObjectAssociation.git",
        "state": {
          "branch": null,
          "revision": "8a8c598a80c8210ad771a6988faa509a1eb7cea8",
          "version": "0.2.0"
        }
      }
    ]
  },
  "version": 1
}
